{
  "name": "laundrymaster.ardata.co.id",
  "version": "1.0.0",
  "lockfileVersion": 2,
  "requires": true,
  "packages": {
    "": {
      "name": "laundrymaster.ardata.co.id",
      "version": "1.0.0",
      "license": "Apache-2.0",
      "devDependencies": {
        "cordova-plugin-btprinter": "github:CesarBalzer/Cordova-Plugin-BTPrinter"
      }
    },
    "node_modules/cordova-plugin-btprinter": {
      "version": "0.0.1-dev",
      "resolved": "git+ssh://git@github.com/CesarBalzer/Cordova-Plugin-BTPrinter.git#d2c922b7ddbc624b7aa70c2ca917cb9d692257f3",
      "dev": true,
      "engines": [
        {
          "name": "cordova",
          "version": ">=3.0.0"
        }
      ],
      "license": "Apache 2.0"
    }
  },
  "dependencies": {
    "cordova-plugin-btprinter": {
      "version": "git+ssh://git@github.com/CesarBalzer/Cordova-Plugin-BTPrinter.git#d2c922b7ddbc624b7aa70c2ca917cb9d692257f3",
      "dev": true,
      "from": "cordova-plugin-btprinter@https://github.com/CesarBalzer/Cordova-Plugin-BTPrinter.git"
    }
  }
}
